
Microsoft Visual Studio Solution File, Format Version 12.00
# Visual Studio 15
VisualStudioVersion = 15.0.27703.2047
MinimumVisualStudioVersion = 10.0.40219.1
Project("{FAE04EC0-301F-11D3-BF4B-00C04F79EFBC}") = "miAplicacion", "miAplicacion\miAplicacion.csproj", "{D3153ED0-DDBD-41C5-A418-7459108DC385}"
EndProject
Project("{FAE04EC0-301F-11D3-BF4B-00C04F79EFBC}") = "ejercicio01", "ejercicio01\ejercicio01.csproj", "{73C9FA60-9F7C-4173-A3FD-8DE1860A4CEB}"
EndProject
Project("{FAE04EC0-301F-11D3-BF4B-00C04F79EFBC}") = "ejercicio02", "ejercicio02\ejercicio02.csproj", "{8AF23CAE-A5E2-42E0-A3E3-CC8E3CD61706}"
EndProject
Project("{FAE04EC0-301F-11D3-BF4B-00C04F79EFBC}") = "ejercicio12", "ejercicio12\ejercicio12.csproj", "{58BFB7DA-A015-47E0-8DC3-7EB54665A491}"
EndProject
Global
	GlobalSection(SolutionConfigurationPlatforms) = preSolution
		Debug|Any CPU = Debug|Any CPU
		Release|Any CPU = Release|Any CPU
	EndGlobalSection
	GlobalSection(ProjectConfigurationPlatforms) = postSolution
		{D3153ED0-DDBD-41C5-A418-7459108DC385}.Debug|Any CPU.ActiveCfg = Debug|Any CPU
		{D3153ED0-DDBD-41C5-A418-7459108DC385}.Debug|Any CPU.Build.0 = Debug|Any CPU
		{D3153ED0-DDBD-41C5-A418-7459108DC385}.Release|Any CPU.ActiveCfg = Release|Any CPU
		{D3153ED0-DDBD-41C5-A418-7459108DC385}.Release|Any CPU.Build.0 = Release|Any CPU
		{73C9FA60-9F7C-4173-A3FD-8DE1860A4CEB}.Debug|Any CPU.ActiveCfg = Debug|Any CPU
		{73C9FA60-9F7C-4173-A3FD-8DE1860A4CEB}.Debug|Any CPU.Build.0 = Debug|Any CPU
		{73C9FA60-9F7C-4173-A3FD-8DE1860A4CEB}.Release|Any CPU.ActiveCfg = Release|Any CPU
		{73C9FA60-9F7C-4173-A3FD-8DE1860A4CEB}.Release|Any CPU.Build.0 = Release|Any CPU
		{8AF23CAE-A5E2-42E0-A3E3-CC8E3CD61706}.Debug|Any CPU.ActiveCfg = Debug|Any CPU
		{8AF23CAE-A5E2-42E0-A3E3-CC8E3CD61706}.Debug|Any CPU.Build.0 = Debug|Any CPU
		{8AF23CAE-A5E2-42E0-A3E3-CC8E3CD61706}.Release|Any CPU.ActiveCfg = Release|Any CPU
		{8AF23CAE-A5E2-42E0-A3E3-CC8E3CD61706}.Release|Any CPU.Build.0 = Release|Any CPU
		{58BFB7DA-A015-47E0-8DC3-7EB54665A491}.Debug|Any CPU.ActiveCfg = Debug|Any CPU
		{58BFB7DA-A015-47E0-8DC3-7EB54665A491}.Debug|Any CPU.Build.0 = Debug|Any CPU
		{58BFB7DA-A015-47E0-8DC3-7EB54665A491}.Release|Any CPU.ActiveCfg = Release|Any CPU
		{58BFB7DA-A015-47E0-8DC3-7EB54665A491}.Release|Any CPU.Build.0 = Release|Any CPU
	EndGlobalSection
	GlobalSection(SolutionProperties) = preSolution
		HideSolutionNode = FALSE
	EndGlobalSection
	GlobalSection(ExtensibilityGlobals) = postSolution
		SolutionGuid = {0F80A457-11E4-4252-8AE4-E7B015F157DE}
	EndGlobalSection
EndGlobal
