
Microsoft Visual Studio Solution File, Format Version 12.00
# Visual Studio Version 16
VisualStudioVersion = 16.0.29215.179
MinimumVisualStudioVersion = 10.0.40219.1
Project("{FAE04EC0-301F-11D3-BF4B-00C04F79EFBC}") = "VistaConsola", "VistaConsola\VistaConsola.csproj", "{BB091275-92DD-4CA2-8DB6-82D4F81B9DB7}"
EndProject
Project("{FAE04EC0-301F-11D3-BF4B-00C04F79EFBC}") = "Entidades", "Entidades\Entidades.csproj", "{1DCE94BF-415A-4F69-988F-FAA13FD37B6A}"
EndProject
Project("{FAE04EC0-301F-11D3-BF4B-00C04F79EFBC}") = "VistaForm", "VistaForm\VistaForm.csproj", "{A9C43009-D05F-4F42-83DB-A7A00F6B6275}"
EndProject
Global
	GlobalSection(SolutionConfigurationPlatforms) = preSolution
		Debug|Any CPU = Debug|Any CPU
		Release|Any CPU = Release|Any CPU
	EndGlobalSection
	GlobalSection(ProjectConfigurationPlatforms) = postSolution
		{BB091275-92DD-4CA2-8DB6-82D4F81B9DB7}.Debug|Any CPU.ActiveCfg = Debug|Any CPU
		{BB091275-92DD-4CA2-8DB6-82D4F81B9DB7}.Debug|Any CPU.Build.0 = Debug|Any CPU
		{BB091275-92DD-4CA2-8DB6-82D4F81B9DB7}.Release|Any CPU.ActiveCfg = Release|Any CPU
		{BB091275-92DD-4CA2-8DB6-82D4F81B9DB7}.Release|Any CPU.Build.0 = Release|Any CPU
		{1DCE94BF-415A-4F69-988F-FAA13FD37B6A}.Debug|Any CPU.ActiveCfg = Debug|Any CPU
		{1DCE94BF-415A-4F69-988F-FAA13FD37B6A}.Debug|Any CPU.Build.0 = Debug|Any CPU
		{1DCE94BF-415A-4F69-988F-FAA13FD37B6A}.Release|Any CPU.ActiveCfg = Release|Any CPU
		{1DCE94BF-415A-4F69-988F-FAA13FD37B6A}.Release|Any CPU.Build.0 = Release|Any CPU
		{A9C43009-D05F-4F42-83DB-A7A00F6B6275}.Debug|Any CPU.ActiveCfg = Debug|Any CPU
		{A9C43009-D05F-4F42-83DB-A7A00F6B6275}.Debug|Any CPU.Build.0 = Debug|Any CPU
		{A9C43009-D05F-4F42-83DB-A7A00F6B6275}.Release|Any CPU.ActiveCfg = Release|Any CPU
		{A9C43009-D05F-4F42-83DB-A7A00F6B6275}.Release|Any CPU.Build.0 = Release|Any CPU
	EndGlobalSection
	GlobalSection(SolutionProperties) = preSolution
		HideSolutionNode = FALSE
	EndGlobalSection
	GlobalSection(ExtensibilityGlobals) = postSolution
		SolutionGuid = {4E1189A9-1A36-44EE-AB80-90AB315A9599}
	EndGlobalSection
EndGlobal
