
Microsoft Visual Studio Solution File, Format Version 12.00
# Visual Studio Version 16
VisualStudioVersion = 16.0.29230.47
MinimumVisualStudioVersion = 10.0.40219.1
Project("{FAE04EC0-301F-11D3-BF4B-00C04F79EFBC}") = "CentralitaHerencia", "CentralitaHerencia\CentralitaHerencia.csproj", "{20CCFD0E-C91A-4920-868D-CDB1A2D660F4}"
EndProject
Project("{FAE04EC0-301F-11D3-BF4B-00C04F79EFBC}") = "Test", "Test\Test.csproj", "{2496F0AC-172F-40F7-AD72-C4B0174E2834}"
EndProject
Project("{FAE04EC0-301F-11D3-BF4B-00C04F79EFBC}") = "Formulario", "Formulario\Formulario.csproj", "{0CF36741-14B5-45CC-9164-68C8D6ED5797}"
EndProject
Global
	GlobalSection(SolutionConfigurationPlatforms) = preSolution
		Debug|Any CPU = Debug|Any CPU
		Release|Any CPU = Release|Any CPU
	EndGlobalSection
	GlobalSection(ProjectConfigurationPlatforms) = postSolution
		{20CCFD0E-C91A-4920-868D-CDB1A2D660F4}.Debug|Any CPU.ActiveCfg = Debug|Any CPU
		{20CCFD0E-C91A-4920-868D-CDB1A2D660F4}.Debug|Any CPU.Build.0 = Debug|Any CPU
		{20CCFD0E-C91A-4920-868D-CDB1A2D660F4}.Release|Any CPU.ActiveCfg = Release|Any CPU
		{20CCFD0E-C91A-4920-868D-CDB1A2D660F4}.Release|Any CPU.Build.0 = Release|Any CPU
		{2496F0AC-172F-40F7-AD72-C4B0174E2834}.Debug|Any CPU.ActiveCfg = Debug|Any CPU
		{2496F0AC-172F-40F7-AD72-C4B0174E2834}.Debug|Any CPU.Build.0 = Debug|Any CPU
		{2496F0AC-172F-40F7-AD72-C4B0174E2834}.Release|Any CPU.ActiveCfg = Release|Any CPU
		{2496F0AC-172F-40F7-AD72-C4B0174E2834}.Release|Any CPU.Build.0 = Release|Any CPU
		{0CF36741-14B5-45CC-9164-68C8D6ED5797}.Debug|Any CPU.ActiveCfg = Debug|Any CPU
		{0CF36741-14B5-45CC-9164-68C8D6ED5797}.Debug|Any CPU.Build.0 = Debug|Any CPU
		{0CF36741-14B5-45CC-9164-68C8D6ED5797}.Release|Any CPU.ActiveCfg = Release|Any CPU
		{0CF36741-14B5-45CC-9164-68C8D6ED5797}.Release|Any CPU.Build.0 = Release|Any CPU
	EndGlobalSection
	GlobalSection(SolutionProperties) = preSolution
		HideSolutionNode = FALSE
	EndGlobalSection
	GlobalSection(ExtensibilityGlobals) = postSolution
		SolutionGuid = {964E4647-A583-429C-985D-15E779404DD6}
	EndGlobalSection
EndGlobal
