
Microsoft Visual Studio Solution File, Format Version 12.00
# Visual Studio 15
VisualStudioVersion = 15.0.27703.2047
MinimumVisualStudioVersion = 10.0.40219.1
Project("{FAE04EC0-301F-11D3-BF4B-00C04F79EFBC}") = "Entidades", "Entidades\Entidades.csproj", "{60019F75-29AE-43C2-B91B-DB32087DD052}"
EndProject
Global
	GlobalSection(SolutionConfigurationPlatforms) = preSolution
		Debug|Any CPU = Debug|Any CPU
		Release|Any CPU = Release|Any CPU
	EndGlobalSection
	GlobalSection(ProjectConfigurationPlatforms) = postSolution
		{60019F75-29AE-43C2-B91B-DB32087DD052}.Debug|Any CPU.ActiveCfg = Debug|Any CPU
		{60019F75-29AE-43C2-B91B-DB32087DD052}.Debug|Any CPU.Build.0 = Debug|Any CPU
		{60019F75-29AE-43C2-B91B-DB32087DD052}.Release|Any CPU.ActiveCfg = Release|Any CPU
		{60019F75-29AE-43C2-B91B-DB32087DD052}.Release|Any CPU.Build.0 = Release|Any CPU
	EndGlobalSection
	GlobalSection(SolutionProperties) = preSolution
		HideSolutionNode = FALSE
	EndGlobalSection
	GlobalSection(ExtensibilityGlobals) = postSolution
		SolutionGuid = {5CBC6672-88C4-4D76-8BC3-EEBE46438BCB}
	EndGlobalSection
EndGlobal
