
Microsoft Visual Studio Solution File, Format Version 12.00
# Visual Studio Version 16
VisualStudioVersion = 16.0.29306.81
MinimumVisualStudioVersion = 10.0.40219.1
Project("{FAE04EC0-301F-11D3-BF4B-00C04F79EFBC}") = "MainCorreo", "Peñaranda.Florencia.2D\MainCorreo.csproj", "{79116881-0429-4555-8C60-1B92FCE8B2A4}"
EndProject
Project("{FAE04EC0-301F-11D3-BF4B-00C04F79EFBC}") = "Entidades", "Entidades\Entidades.csproj", "{3EC5919C-360C-4F5D-829C-FC5FF7E01504}"
EndProject
Global
	GlobalSection(SolutionConfigurationPlatforms) = preSolution
		Debug|Any CPU = Debug|Any CPU
		Release|Any CPU = Release|Any CPU
	EndGlobalSection
	GlobalSection(ProjectConfigurationPlatforms) = postSolution
		{79116881-0429-4555-8C60-1B92FCE8B2A4}.Debug|Any CPU.ActiveCfg = Debug|Any CPU
		{79116881-0429-4555-8C60-1B92FCE8B2A4}.Debug|Any CPU.Build.0 = Debug|Any CPU
		{79116881-0429-4555-8C60-1B92FCE8B2A4}.Release|Any CPU.ActiveCfg = Release|Any CPU
		{79116881-0429-4555-8C60-1B92FCE8B2A4}.Release|Any CPU.Build.0 = Release|Any CPU
		{3EC5919C-360C-4F5D-829C-FC5FF7E01504}.Debug|Any CPU.ActiveCfg = Debug|Any CPU
		{3EC5919C-360C-4F5D-829C-FC5FF7E01504}.Debug|Any CPU.Build.0 = Debug|Any CPU
		{3EC5919C-360C-4F5D-829C-FC5FF7E01504}.Release|Any CPU.ActiveCfg = Release|Any CPU
		{3EC5919C-360C-4F5D-829C-FC5FF7E01504}.Release|Any CPU.Build.0 = Release|Any CPU
	EndGlobalSection
	GlobalSection(SolutionProperties) = preSolution
		HideSolutionNode = FALSE
	EndGlobalSection
	GlobalSection(ExtensibilityGlobals) = postSolution
		SolutionGuid = {EF61CC88-E582-4319-BD98-73CD20F724EC}
	EndGlobalSection
EndGlobal
