
Microsoft Visual Studio Solution File, Format Version 12.00
# Visual Studio 2012
Project("{FAE04EC0-301F-11D3-BF4B-00C04F79EFBC}") = "Entidades", "Entidades\Entidades.csproj", "{D2B7C2A0-9EB9-45DD-9C95-1F90DFD2685B}"
EndProject
Global
	GlobalSection(SolutionConfigurationPlatforms) = preSolution
		Debug|Any CPU = Debug|Any CPU
		Release|Any CPU = Release|Any CPU
	EndGlobalSection
	GlobalSection(ProjectConfigurationPlatforms) = postSolution
		{D2B7C2A0-9EB9-45DD-9C95-1F90DFD2685B}.Debug|Any CPU.ActiveCfg = Debug|Any CPU
		{D2B7C2A0-9EB9-45DD-9C95-1F90DFD2685B}.Debug|Any CPU.Build.0 = Debug|Any CPU
		{D2B7C2A0-9EB9-45DD-9C95-1F90DFD2685B}.Release|Any CPU.ActiveCfg = Release|Any CPU
		{D2B7C2A0-9EB9-45DD-9C95-1F90DFD2685B}.Release|Any CPU.Build.0 = Release|Any CPU
	EndGlobalSection
	GlobalSection(SolutionProperties) = preSolution
		HideSolutionNode = FALSE
	EndGlobalSection
EndGlobal
