
Microsoft Visual Studio Solution File, Format Version 12.00
# Visual Studio Version 16
VisualStudioVersion = 16.0.29215.179
MinimumVisualStudioVersion = 10.0.40219.1
Project("{FAE04EC0-301F-11D3-BF4B-00C04F79EFBC}") = "Entidades", "Entidades\Entidades.csproj", "{0D10D6F4-39C3-47A7-BADF-C11EE64D43BD}"
EndProject
Project("{FAE04EC0-301F-11D3-BF4B-00C04F79EFBC}") = "VistaConsola", "VistaConsola\VistaConsola.csproj", "{D59ABD3C-6FDF-4FB5-8C96-F32A64280525}"
EndProject
Project("{FAE04EC0-301F-11D3-BF4B-00C04F79EFBC}") = "VistaForm", "VistaForm\VistaForm.csproj", "{D890F376-BB49-4272-A1C1-D9B62C9F597F}"
EndProject
Global
	GlobalSection(SolutionConfigurationPlatforms) = preSolution
		Debug|Any CPU = Debug|Any CPU
		Release|Any CPU = Release|Any CPU
	EndGlobalSection
	GlobalSection(ProjectConfigurationPlatforms) = postSolution
		{0D10D6F4-39C3-47A7-BADF-C11EE64D43BD}.Debug|Any CPU.ActiveCfg = Debug|Any CPU
		{0D10D6F4-39C3-47A7-BADF-C11EE64D43BD}.Debug|Any CPU.Build.0 = Debug|Any CPU
		{0D10D6F4-39C3-47A7-BADF-C11EE64D43BD}.Release|Any CPU.ActiveCfg = Release|Any CPU
		{0D10D6F4-39C3-47A7-BADF-C11EE64D43BD}.Release|Any CPU.Build.0 = Release|Any CPU
		{D59ABD3C-6FDF-4FB5-8C96-F32A64280525}.Debug|Any CPU.ActiveCfg = Debug|Any CPU
		{D59ABD3C-6FDF-4FB5-8C96-F32A64280525}.Debug|Any CPU.Build.0 = Debug|Any CPU
		{D59ABD3C-6FDF-4FB5-8C96-F32A64280525}.Release|Any CPU.ActiveCfg = Release|Any CPU
		{D59ABD3C-6FDF-4FB5-8C96-F32A64280525}.Release|Any CPU.Build.0 = Release|Any CPU
		{D890F376-BB49-4272-A1C1-D9B62C9F597F}.Debug|Any CPU.ActiveCfg = Debug|Any CPU
		{D890F376-BB49-4272-A1C1-D9B62C9F597F}.Debug|Any CPU.Build.0 = Debug|Any CPU
		{D890F376-BB49-4272-A1C1-D9B62C9F597F}.Release|Any CPU.ActiveCfg = Release|Any CPU
		{D890F376-BB49-4272-A1C1-D9B62C9F597F}.Release|Any CPU.Build.0 = Release|Any CPU
	EndGlobalSection
	GlobalSection(SolutionProperties) = preSolution
		HideSolutionNode = FALSE
	EndGlobalSection
	GlobalSection(ExtensibilityGlobals) = postSolution
		SolutionGuid = {F9D0E963-8B43-4773-8899-DF91BC65B3CF}
	EndGlobalSection
EndGlobal
