
Microsoft Visual Studio Solution File, Format Version 12.00
# Visual Studio 15
VisualStudioVersion = 15.0.27703.2047
MinimumVisualStudioVersion = 10.0.40219.1
Project("{FAE04EC0-301F-11D3-BF4B-00C04F79EFBC}") = "Ejercicio Clase 8", "Ejercicio Clase 8\Ejercicio Clase 8.csproj", "{C37A648C-BF3E-4E30-A858-42BBBCB6AF75}"
EndProject
Project("{FAE04EC0-301F-11D3-BF4B-00C04F79EFBC}") = "LibClase8", "LibClase8\LibClase8.csproj", "{CAED1810-0179-4EB2-AF9D-8D18CC3EBB1E}"
EndProject
Global
	GlobalSection(SolutionConfigurationPlatforms) = preSolution
		Debug|Any CPU = Debug|Any CPU
		Release|Any CPU = Release|Any CPU
	EndGlobalSection
	GlobalSection(ProjectConfigurationPlatforms) = postSolution
		{C37A648C-BF3E-4E30-A858-42BBBCB6AF75}.Debug|Any CPU.ActiveCfg = Debug|Any CPU
		{C37A648C-BF3E-4E30-A858-42BBBCB6AF75}.Debug|Any CPU.Build.0 = Debug|Any CPU
		{C37A648C-BF3E-4E30-A858-42BBBCB6AF75}.Release|Any CPU.ActiveCfg = Release|Any CPU
		{C37A648C-BF3E-4E30-A858-42BBBCB6AF75}.Release|Any CPU.Build.0 = Release|Any CPU
		{CAED1810-0179-4EB2-AF9D-8D18CC3EBB1E}.Debug|Any CPU.ActiveCfg = Debug|Any CPU
		{CAED1810-0179-4EB2-AF9D-8D18CC3EBB1E}.Debug|Any CPU.Build.0 = Debug|Any CPU
		{CAED1810-0179-4EB2-AF9D-8D18CC3EBB1E}.Release|Any CPU.ActiveCfg = Release|Any CPU
		{CAED1810-0179-4EB2-AF9D-8D18CC3EBB1E}.Release|Any CPU.Build.0 = Release|Any CPU
	EndGlobalSection
	GlobalSection(SolutionProperties) = preSolution
		HideSolutionNode = FALSE
	EndGlobalSection
	GlobalSection(ExtensibilityGlobals) = postSolution
		SolutionGuid = {8F3F7780-EF4B-487D-B56F-DB15AB276A64}
	EndGlobalSection
EndGlobal
