
Microsoft Visual Studio Solution File, Format Version 12.00
# Visual Studio Version 16
VisualStudioVersion = 16.0.29403.142
MinimumVisualStudioVersion = 10.0.40219.1
Project("{FAE04EC0-301F-11D3-BF4B-00C04F79EFBC}") = "Centralita", "Centralita\Centralita.csproj", "{53BF3243-3A12-4A34-9166-FF9A869894F7}"
EndProject
Global
	GlobalSection(SolutionConfigurationPlatforms) = preSolution
		Debug|Any CPU = Debug|Any CPU
		Release|Any CPU = Release|Any CPU
	EndGlobalSection
	GlobalSection(ProjectConfigurationPlatforms) = postSolution
		{53BF3243-3A12-4A34-9166-FF9A869894F7}.Debug|Any CPU.ActiveCfg = Debug|Any CPU
		{53BF3243-3A12-4A34-9166-FF9A869894F7}.Debug|Any CPU.Build.0 = Debug|Any CPU
		{53BF3243-3A12-4A34-9166-FF9A869894F7}.Release|Any CPU.ActiveCfg = Release|Any CPU
		{53BF3243-3A12-4A34-9166-FF9A869894F7}.Release|Any CPU.Build.0 = Release|Any CPU
	EndGlobalSection
	GlobalSection(SolutionProperties) = preSolution
		HideSolutionNode = FALSE
	EndGlobalSection
	GlobalSection(ExtensibilityGlobals) = postSolution
		SolutionGuid = {76ED8342-9574-42A0-A91E-19A27241688B}
	EndGlobalSection
EndGlobal
