
Microsoft Visual Studio Solution File, Format Version 12.00
# Visual Studio 15
VisualStudioVersion = 15.0.27703.2047
MinimumVisualStudioVersion = 10.0.40219.1
Project("{FAE04EC0-301F-11D3-BF4B-00C04F79EFBC}") = "Centralita", "Centralita\Centralita.csproj", "{53BF3243-3A12-4A34-9166-FF9A869894F7}"
EndProject
Project("{FAE04EC0-301F-11D3-BF4B-00C04F79EFBC}") = "CentralTelefonica", "WindowsFormsApp1\CentralTelefonica.csproj", "{410FF8C7-E8BF-43F4-B2FD-730EEB92028A}"
EndProject
Global
	GlobalSection(SolutionConfigurationPlatforms) = preSolution
		Debug|Any CPU = Debug|Any CPU
		Release|Any CPU = Release|Any CPU
	EndGlobalSection
	GlobalSection(ProjectConfigurationPlatforms) = postSolution
		{53BF3243-3A12-4A34-9166-FF9A869894F7}.Debug|Any CPU.ActiveCfg = Debug|Any CPU
		{53BF3243-3A12-4A34-9166-FF9A869894F7}.Debug|Any CPU.Build.0 = Debug|Any CPU
		{53BF3243-3A12-4A34-9166-FF9A869894F7}.Release|Any CPU.ActiveCfg = Release|Any CPU
		{53BF3243-3A12-4A34-9166-FF9A869894F7}.Release|Any CPU.Build.0 = Release|Any CPU
		{410FF8C7-E8BF-43F4-B2FD-730EEB92028A}.Debug|Any CPU.ActiveCfg = Debug|Any CPU
		{410FF8C7-E8BF-43F4-B2FD-730EEB92028A}.Debug|Any CPU.Build.0 = Debug|Any CPU
		{410FF8C7-E8BF-43F4-B2FD-730EEB92028A}.Release|Any CPU.ActiveCfg = Release|Any CPU
		{410FF8C7-E8BF-43F4-B2FD-730EEB92028A}.Release|Any CPU.Build.0 = Release|Any CPU
	EndGlobalSection
	GlobalSection(SolutionProperties) = preSolution
		HideSolutionNode = FALSE
	EndGlobalSection
	GlobalSection(ExtensibilityGlobals) = postSolution
		SolutionGuid = {76ED8342-9574-42A0-A91E-19A27241688B}
	EndGlobalSection
EndGlobal
