
Microsoft Visual Studio Solution File, Format Version 12.00
# Visual Studio 15
VisualStudioVersion = 15.0.27703.2047
MinimumVisualStudioVersion = 10.0.40219.1
Project("{FAE04EC0-301F-11D3-BF4B-00C04F79EFBC}") = "generic", "generic\generic.csproj", "{07183DFB-5DFA-4AC8-A248-490CB60DA6D4}"
EndProject
Global
	GlobalSection(SolutionConfigurationPlatforms) = preSolution
		Debug|Any CPU = Debug|Any CPU
		Release|Any CPU = Release|Any CPU
	EndGlobalSection
	GlobalSection(ProjectConfigurationPlatforms) = postSolution
		{07183DFB-5DFA-4AC8-A248-490CB60DA6D4}.Debug|Any CPU.ActiveCfg = Debug|Any CPU
		{07183DFB-5DFA-4AC8-A248-490CB60DA6D4}.Debug|Any CPU.Build.0 = Debug|Any CPU
		{07183DFB-5DFA-4AC8-A248-490CB60DA6D4}.Release|Any CPU.ActiveCfg = Release|Any CPU
		{07183DFB-5DFA-4AC8-A248-490CB60DA6D4}.Release|Any CPU.Build.0 = Release|Any CPU
	EndGlobalSection
	GlobalSection(SolutionProperties) = preSolution
		HideSolutionNode = FALSE
	EndGlobalSection
	GlobalSection(ExtensibilityGlobals) = postSolution
		SolutionGuid = {047A8E49-6ADF-4A50-90D8-297566B30E75}
	EndGlobalSection
EndGlobal
