
Microsoft Visual Studio Solution File, Format Version 12.00
# Visual Studio 15
VisualStudioVersion = 15.0.27703.2047
MinimumVisualStudioVersion = 10.0.40219.1
Project("{FAE04EC0-301F-11D3-BF4B-00C04F79EFBC}") = "Entidades", "Entidades\Entidades.csproj", "{F456930E-7284-4962-8FC7-796FF15ADFD3}"
EndProject
Project("{FAE04EC0-301F-11D3-BF4B-00C04F79EFBC}") = "FormVistaFactura", "WindowsFormsApp1\FormVistaFactura.csproj", "{AE708BA8-632D-4DB5-A716-5559A8292BE1}"
EndProject
Global
	GlobalSection(SolutionConfigurationPlatforms) = preSolution
		Debug|Any CPU = Debug|Any CPU
		Release|Any CPU = Release|Any CPU
	EndGlobalSection
	GlobalSection(ProjectConfigurationPlatforms) = postSolution
		{F456930E-7284-4962-8FC7-796FF15ADFD3}.Debug|Any CPU.ActiveCfg = Debug|Any CPU
		{F456930E-7284-4962-8FC7-796FF15ADFD3}.Debug|Any CPU.Build.0 = Debug|Any CPU
		{F456930E-7284-4962-8FC7-796FF15ADFD3}.Release|Any CPU.ActiveCfg = Release|Any CPU
		{F456930E-7284-4962-8FC7-796FF15ADFD3}.Release|Any CPU.Build.0 = Release|Any CPU
		{AE708BA8-632D-4DB5-A716-5559A8292BE1}.Debug|Any CPU.ActiveCfg = Debug|Any CPU
		{AE708BA8-632D-4DB5-A716-5559A8292BE1}.Debug|Any CPU.Build.0 = Debug|Any CPU
		{AE708BA8-632D-4DB5-A716-5559A8292BE1}.Release|Any CPU.ActiveCfg = Release|Any CPU
		{AE708BA8-632D-4DB5-A716-5559A8292BE1}.Release|Any CPU.Build.0 = Release|Any CPU
	EndGlobalSection
	GlobalSection(SolutionProperties) = preSolution
		HideSolutionNode = FALSE
	EndGlobalSection
	GlobalSection(ExtensibilityGlobals) = postSolution
		SolutionGuid = {3CA22450-5C03-4200-8BFD-0A781A5BDEC0}
	EndGlobalSection
EndGlobal
